
Microsoft Visual Studio Solution File, Format Version 12.00
# Visual Studio Version 17
VisualStudioVersion = 17.5.33424.131
MinimumVisualStudioVersion = 10.0.40219.1
Project("{2150E333-8FDC-42A3-9474-1A3956D46DE8}") = "src", "src", "{FCA81E93-267B-4070-84E1-E63C43F9F600}"
EndProject
Project("{2150E333-8FDC-42A3-9474-1A3956D46DE8}") = "test", "test", "{446924C4-FC83-4905-BD5F-D1EB559FFF73}"
EndProject
Project("{2150E333-8FDC-42A3-9474-1A3956D46DE8}") = "API", "API", "{87E848F0-DEDD-4D03-8C88-2CC40F65224E}"
EndProject
Project("{2150E333-8FDC-42A3-9474-1A3956D46DE8}") = "Infrasctructure", "Infrasctructure", "{3C279623-CA12-4628-83D6-2572E062B6A2}"
EndProject
Project("{2150E333-8FDC-42A3-9474-1A3956D46DE8}") = "Core", "Core", "{D9964EBD-8ED5-479C-ABB9-DCFF66B4C0FD}"
EndProject
Project("{9A19103F-16F7-4668-BE54-9A1E7A4F7556}") = "BS.Domain", "BS.Domain\BS.Domain.csproj", "{4D0C6E4D-7E5F-4994-AE9B-823A7626D69A}"
EndProject
Project("{9A19103F-16F7-4668-BE54-9A1E7A4F7556}") = "BS.Application", "BS.Application\BS.Application.csproj", "{FFBB44BE-D08A-447E-8C8E-AE4CA1737970}"
EndProject
Project("{9A19103F-16F7-4668-BE54-9A1E7A4F7556}") = "BS.Persistence", "BS.Persistence\BS.Persistence.csproj", "{A0D006C3-58A4-41FC-9FDE-1D2CE6837394}"
EndProject
Project("{9A19103F-16F7-4668-BE54-9A1E7A4F7556}") = "BS.API", "BS.API\BS.API.csproj", "{DFB628DE-15BB-4731-A4A0-9373ACA957F6}"
EndProject
Project("{9A19103F-16F7-4668-BE54-9A1E7A4F7556}") = "BS.Infrastructure", "BS.Infrastructure\BS.Infrastructure.csproj", "{2C5E570C-0026-433D-857E-535D9597895A}"
EndProject
Global
	GlobalSection(SolutionConfigurationPlatforms) = preSolution
		Debug|Any CPU = Debug|Any CPU
		Release|Any CPU = Release|Any CPU
	EndGlobalSection
	GlobalSection(ProjectConfigurationPlatforms) = postSolution
		{4D0C6E4D-7E5F-4994-AE9B-823A7626D69A}.Debug|Any CPU.ActiveCfg = Debug|Any CPU
		{4D0C6E4D-7E5F-4994-AE9B-823A7626D69A}.Debug|Any CPU.Build.0 = Debug|Any CPU
		{4D0C6E4D-7E5F-4994-AE9B-823A7626D69A}.Release|Any CPU.ActiveCfg = Release|Any CPU
		{4D0C6E4D-7E5F-4994-AE9B-823A7626D69A}.Release|Any CPU.Build.0 = Release|Any CPU
		{FFBB44BE-D08A-447E-8C8E-AE4CA1737970}.Debug|Any CPU.ActiveCfg = Debug|Any CPU
		{FFBB44BE-D08A-447E-8C8E-AE4CA1737970}.Debug|Any CPU.Build.0 = Debug|Any CPU
		{FFBB44BE-D08A-447E-8C8E-AE4CA1737970}.Release|Any CPU.ActiveCfg = Release|Any CPU
		{FFBB44BE-D08A-447E-8C8E-AE4CA1737970}.Release|Any CPU.Build.0 = Release|Any CPU
		{A0D006C3-58A4-41FC-9FDE-1D2CE6837394}.Debug|Any CPU.ActiveCfg = Debug|Any CPU
		{A0D006C3-58A4-41FC-9FDE-1D2CE6837394}.Debug|Any CPU.Build.0 = Debug|Any CPU
		{A0D006C3-58A4-41FC-9FDE-1D2CE6837394}.Release|Any CPU.ActiveCfg = Release|Any CPU
		{A0D006C3-58A4-41FC-9FDE-1D2CE6837394}.Release|Any CPU.Build.0 = Release|Any CPU
		{DFB628DE-15BB-4731-A4A0-9373ACA957F6}.Debug|Any CPU.ActiveCfg = Debug|Any CPU
		{DFB628DE-15BB-4731-A4A0-9373ACA957F6}.Debug|Any CPU.Build.0 = Debug|Any CPU
		{DFB628DE-15BB-4731-A4A0-9373ACA957F6}.Release|Any CPU.ActiveCfg = Release|Any CPU
		{DFB628DE-15BB-4731-A4A0-9373ACA957F6}.Release|Any CPU.Build.0 = Release|Any CPU
		{2C5E570C-0026-433D-857E-535D9597895A}.Debug|Any CPU.ActiveCfg = Debug|Any CPU
		{2C5E570C-0026-433D-857E-535D9597895A}.Debug|Any CPU.Build.0 = Debug|Any CPU
		{2C5E570C-0026-433D-857E-535D9597895A}.Release|Any CPU.ActiveCfg = Release|Any CPU
		{2C5E570C-0026-433D-857E-535D9597895A}.Release|Any CPU.Build.0 = Release|Any CPU
	EndGlobalSection
	GlobalSection(SolutionProperties) = preSolution
		HideSolutionNode = FALSE
	EndGlobalSection
	GlobalSection(NestedProjects) = preSolution
		{87E848F0-DEDD-4D03-8C88-2CC40F65224E} = {FCA81E93-267B-4070-84E1-E63C43F9F600}
		{3C279623-CA12-4628-83D6-2572E062B6A2} = {FCA81E93-267B-4070-84E1-E63C43F9F600}
		{D9964EBD-8ED5-479C-ABB9-DCFF66B4C0FD} = {FCA81E93-267B-4070-84E1-E63C43F9F600}
		{4D0C6E4D-7E5F-4994-AE9B-823A7626D69A} = {D9964EBD-8ED5-479C-ABB9-DCFF66B4C0FD}
		{FFBB44BE-D08A-447E-8C8E-AE4CA1737970} = {D9964EBD-8ED5-479C-ABB9-DCFF66B4C0FD}
		{A0D006C3-58A4-41FC-9FDE-1D2CE6837394} = {3C279623-CA12-4628-83D6-2572E062B6A2}
		{DFB628DE-15BB-4731-A4A0-9373ACA957F6} = {87E848F0-DEDD-4D03-8C88-2CC40F65224E}
		{2C5E570C-0026-433D-857E-535D9597895A} = {3C279623-CA12-4628-83D6-2572E062B6A2}
	EndGlobalSection
	GlobalSection(ExtensibilityGlobals) = postSolution
		SolutionGuid = {893D8247-612C-4D12-A2EC-719B9C63D565}
	EndGlobalSection
EndGlobal
